{
    "_readme": [
        "This file locks the dependencies of your project to a known state",
        "Read more about it at http://getcomposer.org/doc/01-basic-usage.md#composer-lock-the-lock-file",
        "This file is @generated automatically"
    ],
    "hash": "7351680ac1a7188ad6b8424e17991623",
    "packages": [
        {
            "name": "corneltek/pux",
            "version": "1.5.0",
            "source": {
                "type": "git",
                "url": "https://github.com/c9s/Pux.git",
                "reference": "6bdf19d71febe4601d65489d64de1e2591ff6e44"
            },
            "dist": {
                "type": "zip",
                "url": "https://api.github.com/repos/c9s/Pux/zipball/6bdf19d71febe4601d65489d64de1e2591ff6e44",
                "reference": "6bdf19d71febe4601d65489d64de1e2591ff6e44",
                "shasum": ""
            },
            "require-dev": {
                "corneltek/cliframework": "dev-master",
                "corneltek/phpunit-testmore": "dev-master",
                "corneltek/universal": "dev-master"
            },
            "type": "library",
            "autoload": {
                "psr-0": {
                    "Pux": "src"
                }
            },
            "notification-url": "https://packagist.org/downloads/",
            "authors": [
                {
                    "name": "c9s",
                    "email": "cornelius.howl@gmail.com",
                    "homepage": "http://c9s.me"
                }
            ],
            "description": "Fast PHP router",
            "time": "2014-02-19 10:45:14"
        }
    ],
    "packages-dev": [

    ],
    "aliases": [

    ],
    "minimum-stability": "stable",
    "stability-flags": [

    ],
    "platform": [

    ],
    "platform-dev": [

    ]
}
